
Microsoft Visual Studio Solution File, Format Version 12.00
# Visual Studio 15
VisualStudioVersion = 15.0.28010.2048
MinimumVisualStudioVersion = 10.0.40219.1
Project("{FAE04EC0-301F-11D3-BF4B-00C04F79EFBC}") = "HelloWorldVS", "HelloWorldVS\HelloWorldVS.csproj", "{02008580-A0E1-4BCB-B118-9830F4628908}"
EndProject
Project("{FAE04EC0-301F-11D3-BF4B-00C04F79EFBC}") = "CalculatorLib", "CalculatorLib\CalculatorLib.csproj", "{576EAEFF-01CE-4E1D-9C35-619BEFE8B7B2}"
EndProject
Global
	GlobalSection(SolutionConfigurationPlatforms) = preSolution
		Debug|Any CPU = Debug|Any CPU
		Release|Any CPU = Release|Any CPU
	EndGlobalSection
	GlobalSection(ProjectConfigurationPlatforms) = postSolution
		{02008580-A0E1-4BCB-B118-9830F4628908}.Debug|Any CPU.ActiveCfg = Debug|Any CPU
		{02008580-A0E1-4BCB-B118-9830F4628908}.Debug|Any CPU.Build.0 = Debug|Any CPU
		{02008580-A0E1-4BCB-B118-9830F4628908}.Release|Any CPU.ActiveCfg = Release|Any CPU
		{02008580-A0E1-4BCB-B118-9830F4628908}.Release|Any CPU.Build.0 = Release|Any CPU
		{576EAEFF-01CE-4E1D-9C35-619BEFE8B7B2}.Debug|Any CPU.ActiveCfg = Debug|Any CPU
		{576EAEFF-01CE-4E1D-9C35-619BEFE8B7B2}.Debug|Any CPU.Build.0 = Debug|Any CPU
		{576EAEFF-01CE-4E1D-9C35-619BEFE8B7B2}.Release|Any CPU.ActiveCfg = Release|Any CPU
		{576EAEFF-01CE-4E1D-9C35-619BEFE8B7B2}.Release|Any CPU.Build.0 = Release|Any CPU
	EndGlobalSection
	GlobalSection(SolutionProperties) = preSolution
		HideSolutionNode = FALSE
	EndGlobalSection
	GlobalSection(ExtensibilityGlobals) = postSolution
		SolutionGuid = {EAF30D46-953C-4D0A-AE48-7546C42F5D0E}
	EndGlobalSection
EndGlobal
